Microsoft Visual Studio Solution File, Format Version 12.00
# Visual Studio Version 17
VisualStudioVersion = 17.5.2.0
MinimumVisualStudioVersion = 10.0.40219.1
Project("{FAE04EC0-301F-11D3-BF4B-00C04F79EFBC}") = "Rezervist", "Rezervist.csproj", "{2A140839-1BC6-7B3A-9AFB-66782E0155AC}"
EndProject
Global
	GlobalSection(SolutionConfigurationPlatforms) = preSolution
		Debug|Any CPU = Debug|Any CPU
		Release|Any CPU = Release|Any CPU
	EndGlobalSection
	GlobalSection(ProjectConfigurationPlatforms) = postSolution
		{2A140839-1BC6-7B3A-9AFB-66782E0155AC}.Debug|Any CPU.ActiveCfg = Debug|Any CPU
		{2A140839-1BC6-7B3A-9AFB-66782E0155AC}.Debug|Any CPU.Build.0 = Debug|Any CPU
		{2A140839-1BC6-7B3A-9AFB-66782E0155AC}.Release|Any CPU.ActiveCfg = Release|Any CPU
		{2A140839-1BC6-7B3A-9AFB-66782E0155AC}.Release|Any CPU.Build.0 = Release|Any CPU
	EndGlobalSection
	GlobalSection(SolutionProperties) = preSolution
		HideSolutionNode = FALSE
	EndGlobalSection
	GlobalSection(ExtensibilityGlobals) = postSolution
		SolutionGuid = {50B0ECD3-FDDB-4DF2-8469-6A4800339CC5}
	EndGlobalSection
EndGlobal
